Microsoft Visual Studio Solution File, Format Version 12.00
# Visual Studio Version 17
VisualStudioVersion = 17.0.31903.59
MinimumVisualStudioVersion = 10.0.40219.1
Project("{9A19103F-16F7-4668-BE54-9A1E7A4F7556}") = "WebApp", "WebApp\WebApp.csproj", "{4EE58A42-929D-4C7B-901F-A35BBC6B089B}"
EndProject
Project("{9A19103F-16F7-4668-BE54-9A1E7A4F7556}") = "WebApi", "WebApi\WebApi.csproj", "{958A086D-CFF3-49CB-B0E7-E884565E9FFC}"
EndProject
Project("{2150E333-8FDC-42A3-9474-1A3956D46DE8}") = "Solution Items", "Solution Items", "{F0E9753B-C034-48A9-9669-11060DBABF2D}"
	ProjectSection(SolutionItems) = preProject
		gitaliases.md = gitaliases.md
		Jenkinsfile = Jenkinsfile
		README.md = README.md
	EndProjectSection
EndProject
Project("{2150E333-8FDC-42A3-9474-1A3956D46DE8}") = ".github", ".github", "{07708DC1-859A-4037-94EC-A8479DEB8F6A}"
	ProjectSection(SolutionItems) = preProject
		.github\CODEOWNERS = .github\CODEOWNERS
		.github\dependabot.yml = .github\dependabot.yml
		.github\labeler.yml = .github\labeler.yml
	EndProjectSection
EndProject
Project("{2150E333-8FDC-42A3-9474-1A3956D46DE8}") = "workflows", "workflows", "{1155C74E-3FC2-4E44-890C-858AFC967858}"
	ProjectSection(SolutionItems) = preProject
		.github\workflows\codeql-analysis.yml = .github\workflows\codeql-analysis.yml
		.github\workflows\docker-webapi.yml = .github\workflows\docker-webapi.yml
		.github\workflows\docker-webapp.yml = .github\workflows\docker-webapp.yml
		.github\workflows\dotnet-webapi.yml = .github\workflows\dotnet-webapi.yml
		.github\workflows\dotnet-webapp.yml = .github\workflows\dotnet-webapp.yml
		.github\workflows\label.yml = .github\workflows\label.yml
	EndProjectSection
EndProject
Global
	GlobalSection(SolutionConfigurationPlatforms) = preSolution
		Debug|Any CPU = Debug|Any CPU
		Release|Any CPU = Release|Any CPU
	EndGlobalSection
	GlobalSection(ProjectConfigurationPlatforms) = postSolution
		{4EE58A42-929D-4C7B-901F-A35BBC6B089B}.Debug|Any CPU.ActiveCfg = Debug|Any CPU
		{4EE58A42-929D-4C7B-901F-A35BBC6B089B}.Debug|Any CPU.Build.0 = Debug|Any CPU
		{4EE58A42-929D-4C7B-901F-A35BBC6B089B}.Release|Any CPU.ActiveCfg = Release|Any CPU
		{4EE58A42-929D-4C7B-901F-A35BBC6B089B}.Release|Any CPU.Build.0 = Release|Any CPU
		{958A086D-CFF3-49CB-B0E7-E884565E9FFC}.Debug|Any CPU.ActiveCfg = Debug|Any CPU
		{958A086D-CFF3-49CB-B0E7-E884565E9FFC}.Debug|Any CPU.Build.0 = Debug|Any CPU
		{958A086D-CFF3-49CB-B0E7-E884565E9FFC}.Release|Any CPU.ActiveCfg = Release|Any CPU
		{958A086D-CFF3-49CB-B0E7-E884565E9FFC}.Release|Any CPU.Build.0 = Release|Any CPU
	EndGlobalSection
	GlobalSection(SolutionProperties) = preSolution
		HideSolutionNode = FALSE
	EndGlobalSection
	GlobalSection(NestedProjects) = preSolution
		{07708DC1-859A-4037-94EC-A8479DEB8F6A} = {F0E9753B-C034-48A9-9669-11060DBABF2D}
		{1155C74E-3FC2-4E44-890C-858AFC967858} = {07708DC1-859A-4037-94EC-A8479DEB8F6A}
	EndGlobalSection
	GlobalSection(ExtensibilityGlobals) = postSolution
		SolutionGuid = {657308C3-F08F-41E5-A8BD-849158AA4248}
	EndGlobalSection
EndGlobal
